
Microsoft Visual Studio Solution File, Format Version 12.00
# Visual Studio 15
VisualStudioVersion = 15.0.27130.2003
MinimumVisualStudioVersion = 10.0.40219.1
Project("{FAE04EC0-301F-11D3-BF4B-00C04F79EFBC}") = "FuncAppEnd2EndMonitoring", "FuncAppEnd2EndMonitoring\FuncAppEnd2EndMonitoring.csproj", "{FADF90B5-4B97-48D3-A02A-0332FE821206}"
EndProject
Global
	GlobalSection(SolutionConfigurationPlatforms) = preSolution
		Debug|Any CPU = Debug|Any CPU
		Release|Any CPU = Release|Any CPU
	EndGlobalSection
	GlobalSection(ProjectConfigurationPlatforms) = postSolution
		{FADF90B5-4B97-48D3-A02A-0332FE821206}.Debug|Any CPU.ActiveCfg = Debug|Any CPU
		{FADF90B5-4B97-48D3-A02A-0332FE821206}.Debug|Any CPU.Build.0 = Debug|Any CPU
		{FADF90B5-4B97-48D3-A02A-0332FE821206}.Release|Any CPU.ActiveCfg = Release|Any CPU
		{FADF90B5-4B97-48D3-A02A-0332FE821206}.Release|Any CPU.Build.0 = Release|Any CPU
	EndGlobalSection
	GlobalSection(SolutionProperties) = preSolution
		HideSolutionNode = FALSE
	EndGlobalSection
	GlobalSection(ExtensibilityGlobals) = postSolution
		SolutionGuid = {962B2183-C53B-447A-83C8-E8BD30A67066}
	EndGlobalSection
EndGlobal
